
Microsoft Visual Studio Solution File, Format Version 12.00
# Visual Studio Version 16
VisualStudioVersion = 16.0.30611.23
MinimumVisualStudioVersion = 10.0.40219.1
Project("{FAE04EC0-301F-11D3-BF4B-00C04F79EFBC}") = "Constructor[E]", "Constructor[E]\Constructor[E].csproj", "{10264F80-DAB8-4838-85C2-CD14ABFF3684}"
EndProject
Global
	GlobalSection(SolutionConfigurationPlatforms) = preSolution
		Debug|Any CPU = Debug|Any CPU
		Release|Any CPU = Release|Any CPU
	EndGlobalSection
	GlobalSection(ProjectConfigurationPlatforms) = postSolution
		{10264F80-DAB8-4838-85C2-CD14ABFF3684}.Debug|Any CPU.ActiveCfg = Debug|Any CPU
		{10264F80-DAB8-4838-85C2-CD14ABFF3684}.Debug|Any CPU.Build.0 = Debug|Any CPU
		{10264F80-DAB8-4838-85C2-CD14ABFF3684}.Release|Any CPU.ActiveCfg = Release|Any CPU
		{10264F80-DAB8-4838-85C2-CD14ABFF3684}.Release|Any CPU.Build.0 = Release|Any CPU
	EndGlobalSection
	GlobalSection(SolutionProperties) = preSolution
		HideSolutionNode = FALSE
	EndGlobalSection
	GlobalSection(ExtensibilityGlobals) = postSolution
		SolutionGuid = {865976EC-8FCF-4B3C-BA9E-7A55DB533124}
	EndGlobalSection
EndGlobal
