
Microsoft Visual Studio Solution File, Format Version 12.00
# Visual Studio Version 16
VisualStudioVersion = 16.0.30611.23
MinimumVisualStudioVersion = 10.0.40219.1
Project("{FAE04EC0-301F-11D3-BF4B-00C04F79EFBC}") = "Parameter Modifiers[E]", "Parameter Modifiers[E]\Parameter Modifiers[E].csproj", "{6DFA5763-BFE9-461E-88B5-F443419919BB}"
EndProject
Global
	GlobalSection(SolutionConfigurationPlatforms) = preSolution
		Debug|Any CPU = Debug|Any CPU
		Release|Any CPU = Release|Any CPU
	EndGlobalSection
	GlobalSection(ProjectConfigurationPlatforms) = postSolution
		{6DFA5763-BFE9-461E-88B5-F443419919BB}.Debug|Any CPU.ActiveCfg = Debug|Any CPU
		{6DFA5763-BFE9-461E-88B5-F443419919BB}.Debug|Any CPU.Build.0 = Debug|Any CPU
		{6DFA5763-BFE9-461E-88B5-F443419919BB}.Release|Any CPU.ActiveCfg = Release|Any CPU
		{6DFA5763-BFE9-461E-88B5-F443419919BB}.Release|Any CPU.Build.0 = Release|Any CPU
	EndGlobalSection
	GlobalSection(SolutionProperties) = preSolution
		HideSolutionNode = FALSE
	EndGlobalSection
	GlobalSection(ExtensibilityGlobals) = postSolution
		SolutionGuid = {C8CD6551-180D-42D5-BDFD-122B78A7B0F6}
	EndGlobalSection
EndGlobal
