
Microsoft Visual Studio Solution File, Format Version 12.00
# Visual Studio Version 16
VisualStudioVersion = 16.0.30907.101
MinimumVisualStudioVersion = 10.0.40219.1
Project("{FAE04EC0-301F-11D3-BF4B-00C04F79EFBC}") = "Task-1", "Task-1\Task-1.csproj", "{A9E484EF-9CEA-4FC1-BF92-B666859582DB}"
EndProject
Global
	GlobalSection(SolutionConfigurationPlatforms) = preSolution
		Debug|Any CPU = Debug|Any CPU
		Release|Any CPU = Release|Any CPU
	EndGlobalSection
	GlobalSection(ProjectConfigurationPlatforms) = postSolution
		{A9E484EF-9CEA-4FC1-BF92-B666859582DB}.Debug|Any CPU.ActiveCfg = Debug|Any CPU
		{A9E484EF-9CEA-4FC1-BF92-B666859582DB}.Debug|Any CPU.Build.0 = Debug|Any CPU
		{A9E484EF-9CEA-4FC1-BF92-B666859582DB}.Release|Any CPU.ActiveCfg = Release|Any CPU
		{A9E484EF-9CEA-4FC1-BF92-B666859582DB}.Release|Any CPU.Build.0 = Release|Any CPU
	EndGlobalSection
	GlobalSection(SolutionProperties) = preSolution
		HideSolutionNode = FALSE
	EndGlobalSection
	GlobalSection(ExtensibilityGlobals) = postSolution
		SolutionGuid = {70AE2E81-DC36-4DB5-8FBC-12A5C4C3F767}
	EndGlobalSection
EndGlobal
