
Microsoft Visual Studio Solution File, Format Version 12.00
# Visual Studio Version 16
VisualStudioVersion = 16.0.30611.23
MinimumVisualStudioVersion = 10.0.40219.1
Project("{FAE04EC0-301F-11D3-BF4B-00C04F79EFBC}") = "Property[E]", "Property[E]\Property[E].csproj", "{D136BE82-BF11-4287-87A3-CD891FD5D8B8}"
EndProject
Global
	GlobalSection(SolutionConfigurationPlatforms) = preSolution
		Debug|Any CPU = Debug|Any CPU
		Release|Any CPU = Release|Any CPU
	EndGlobalSection
	GlobalSection(ProjectConfigurationPlatforms) = postSolution
		{D136BE82-BF11-4287-87A3-CD891FD5D8B8}.Debug|Any CPU.ActiveCfg = Debug|Any CPU
		{D136BE82-BF11-4287-87A3-CD891FD5D8B8}.Debug|Any CPU.Build.0 = Debug|Any CPU
		{D136BE82-BF11-4287-87A3-CD891FD5D8B8}.Release|Any CPU.ActiveCfg = Release|Any CPU
		{D136BE82-BF11-4287-87A3-CD891FD5D8B8}.Release|Any CPU.Build.0 = Release|Any CPU
	EndGlobalSection
	GlobalSection(SolutionProperties) = preSolution
		HideSolutionNode = FALSE
	EndGlobalSection
	GlobalSection(ExtensibilityGlobals) = postSolution
		SolutionGuid = {43CC132C-7B9E-4345-A5EC-62FC4F7F6E23}
	EndGlobalSection
EndGlobal
