
Microsoft Visual Studio Solution File, Format Version 12.00
# Visual Studio Version 16
VisualStudioVersion = 16.0.30611.23
MinimumVisualStudioVersion = 10.0.40219.1
Project("{FAE04EC0-301F-11D3-BF4B-00C04F79EFBC}") = "Enumeration[E]", "Enumeration[E]\Enumeration[E].csproj", "{B2EC310E-129C-4EB4-BF3B-9252B8684BF6}"
EndProject
Global
	GlobalSection(SolutionConfigurationPlatforms) = preSolution
		Debug|Any CPU = Debug|Any CPU
		Release|Any CPU = Release|Any CPU
	EndGlobalSection
	GlobalSection(ProjectConfigurationPlatforms) = postSolution
		{B2EC310E-129C-4EB4-BF3B-9252B8684BF6}.Debug|Any CPU.ActiveCfg = Debug|Any CPU
		{B2EC310E-129C-4EB4-BF3B-9252B8684BF6}.Debug|Any CPU.Build.0 = Debug|Any CPU
		{B2EC310E-129C-4EB4-BF3B-9252B8684BF6}.Release|Any CPU.ActiveCfg = Release|Any CPU
		{B2EC310E-129C-4EB4-BF3B-9252B8684BF6}.Release|Any CPU.Build.0 = Release|Any CPU
	EndGlobalSection
	GlobalSection(SolutionProperties) = preSolution
		HideSolutionNode = FALSE
	EndGlobalSection
	GlobalSection(ExtensibilityGlobals) = postSolution
		SolutionGuid = {8FEF7B7B-CBC8-4715-894A-6C7F8E45B12F}
	EndGlobalSection
EndGlobal
